
Microsoft Visual Studio Solution File, Format Version 12.00
# Visual Studio Version 16
VisualStudioVersion = 16.0.29709.97
MinimumVisualStudioVersion = 10.0.40219.1
Project("{9A19103F-16F7-4668-BE54-9A1E7A4F7556}") = "Microsoft.Bot.Builder.Adapters.WeChat.TestBot", "Microsoft.Bot.Builder.Adapters.WeChat.TestBot.csproj", "{0FE2726A-72B4-4109-A719-FC422A2E58DC}"
EndProject
Global
	GlobalSection(SolutionConfigurationPlatforms) = preSolution
		Debug|Any CPU = Debug|Any CPU
		Release|Any CPU = Release|Any CPU
	EndGlobalSection
	GlobalSection(ProjectConfigurationPlatforms) = postSolution
		{0FE2726A-72B4-4109-A719-FC422A2E58DC}.Debug|Any CPU.ActiveCfg = Debug|Any CPU
		{0FE2726A-72B4-4109-A719-FC422A2E58DC}.Debug|Any CPU.Build.0 = Debug|Any CPU
		{0FE2726A-72B4-4109-A719-FC422A2E58DC}.Release|Any CPU.ActiveCfg = Release|Any CPU
		{0FE2726A-72B4-4109-A719-FC422A2E58DC}.Release|Any CPU.Build.0 = Release|Any CPU
	EndGlobalSection
	GlobalSection(SolutionProperties) = preSolution
		HideSolutionNode = FALSE
	EndGlobalSection
	GlobalSection(ExtensibilityGlobals) = postSolution
		SolutionGuid = {7B4EC8F5-3A70-442C-B431-4793A597A1B5}
	EndGlobalSection
EndGlobal
